PODS:
  - JVFloatLabeledTextField (1.1.1)
  - Mixpanel (3.0.0):
    - Mixpanel/Mixpanel (= 3.0.0)
  - Mixpanel/Mixpanel (3.0.0)

DEPENDENCIES:
  - JVFloatLabeledTextField
  - Mixpanel

SPEC CHECKSUMS:
  JVFloatLabeledTextField: 0e5524b097f102036214dd8279edc8ecf08b5e18
  Mixpanel: ac92056ee35a961362513ba11049e67cffcaa1f1

PODFILE CHECKSUM: d2f194bc7d0d34f506260eaafaaa37b14c90e262

COCOAPODS: 1.0.1
