PODS:
  - AFNetworking (3.1.0):
    - AFNetworking/NSURLSession (= 3.1.0)
    - AFNetworking/Reachability (= 3.1.0)
    - AFNetworking/Security (= 3.1.0)
    - AFNetworking/Serialization (= 3.1.0)
    - AFNetworking/UIKit (= 3.1.0)
  - AFNetworking/NSURLSession (3.1.0):
    - AFNetworking/Reachability
    - AFNetworking/Security
    - AFNetworking/Serialization
  - AFNetworking/Reachability (3.1.0)
  - AFNetworking/Security (3.1.0)
  - AFNetworking/Serialization (3.1.0)
  - AFNetworking/UIKit (3.1.0):
    - AFNetworking/NSURLSession
  - JVFloatLabeledTextField (1.1.1)
  - Mixpanel (3.0.0):
    - Mixpanel/Mixpanel (= 3.0.0)
  - Mixpanel/Mixpanel (3.0.0)
  - zxcvbn-ios (1.0.4)

DEPENDENCIES:
  - AFNetworking
  - JVFloatLabeledTextField
  - Mixpanel
  - zxcvbn-ios

SPEC CHECKSUMS:
  AFNetworking: 5e0e199f73d8626b11e79750991f5d173d1f8b67
  JVFloatLabeledTextField: 0e5524b097f102036214dd8279edc8ecf08b5e18
  Mixpanel: ac92056ee35a961362513ba11049e67cffcaa1f1
  zxcvbn-ios: fef98b7c80f1512ff0eec47ac1fa399fc00f7e3c

PODFILE CHECKSUM: 02a3ac0284a6779484f9c4e54af5037a10470e0f

COCOAPODS: 1.0.1
