PODS:
  - AFNetworking (3.1.0):
    - AFNetworking/NSURLSession (= 3.1.0)
    - AFNetworking/Reachability (= 3.1.0)
    - AFNetworking/Security (= 3.1.0)
    - AFNetworking/Serialization (= 3.1.0)
    - AFNetworking/UIKit (= 3.1.0)
  - AFNetworking/NSURLSession (3.1.0):
    - AFNetworking/Reachability
    - AFNetworking/Security
    - AFNetworking/Serialization
  - AFNetworking/Reachability (3.1.0)
  - AFNetworking/Security (3.1.0)
  - AFNetworking/Serialization (3.1.0)
  - AFNetworking/UIKit (3.1.0):
    - AFNetworking/NSURLSession
  - HTAutocompleteTextField (1.3.2)
  - Mixpanel (3.0.0):
    - Mixpanel/Mixpanel (= 3.0.0)
  - Mixpanel/Mixpanel (3.0.0)
  - PPHelpMe (1.0.2)
  - VLRJVFloatLabeledTextField (1.0.3):
    - HTAutocompleteTextField
  - VLRTextField (0.0.5):
    - PPHelpMe (~> 1.0.2)
    - VLRJVFloatLabeledTextField (~> 1.0.3)

DEPENDENCIES:
  - AFNetworking
  - Mixpanel
  - VLRTextField (from `https://github.com/JasonSZL/VLRTextField.git`)

EXTERNAL SOURCES:
  VLRTextField:
    :git: https://github.com/JasonSZL/VLRTextField.git

CHECKOUT OPTIONS:
  VLRTextField:
    :commit: e11a70f99d7e90b2f9f3969a631a411352ee1c34
    :git: https://github.com/JasonSZL/VLRTextField.git

SPEC CHECKSUMS:
  AFNetworking: 5e0e199f73d8626b11e79750991f5d173d1f8b67
  HTAutocompleteTextField: ce809f04875e843e20f214ab973bb496ba7a93b1
  Mixpanel: ac92056ee35a961362513ba11049e67cffcaa1f1
  PPHelpMe: 243c40d2fad33ebdcc6b158c0db54893e0cc2d14
  VLRJVFloatLabeledTextField: 99a798b5a42a9e58b161453394b84358651d844e
  VLRTextField: 98c5ab15d1f1c928b160b60900d92ff5e48624d7

PODFILE CHECKSUM: d8da1bf4129a1717bd49439a2b65c21943a4c42f

COCOAPODS: 1.0.1
